
Microsoft Visual Studio Solution File, Format Version 12.00
# Visual Studio Version 17
VisualStudioVersion = 17.0.31903.59
MinimumVisualStudioVersion = 10.0.40219.1
Project("{2150E333-8FDC-42A3-9474-1A3956D46DE8}") = "src", "src", "{827E0CD3-B72D-47B6-A68D-7590B98EB39B}"
EndProject
Project("{FAE04EC0-301F-11D3-BF4B-00C04F79EFBC}") = "SaasEngine.Domain", "src\SaasEngine.Domain\SaasEngine.Domain.csproj", "{E731AE75-4041-46FE-B4F8-B3BF461B38FD}"
EndProject
Project("{FAE04EC0-301F-11D3-BF4B-00C04F79EFBC}") = "SaasEngine.Contracts", "src\SaasEngine.Contracts\SaasEngine.Contracts.csproj", "{292BE715-A38A-4E07-BAF1-86C00E52F19E}"
EndProject
Project("{FAE04EC0-301F-11D3-BF4B-00C04F79EFBC}") = "SaasEngine.Api", "src\SaasEngine.Api\SaasEngine.Api.csproj", "{0E3C4F4F-4E06-492B-955A-74E69D8EF6D8}"
EndProject
Project("{FAE04EC0-301F-11D3-BF4B-00C04F79EFBC}") = "SaasEngine.Admin", "src\SaasEngine.Admin\SaasEngine.Admin.csproj", "{8AEDE58B-F365-413E-994C-9C77FFD9ACAE}"
EndProject
Project("{FAE04EC0-301F-11D3-BF4B-00C04F79EFBC}") = "SaasEngine.UnitTests", "tests\SaasEngine.UnitTests\SaasEngine.UnitTests.csproj", "{5B202545-5D88-4429-8787-FEC0FBA944BA}"
EndProject
Project("{FAE04EC0-301F-11D3-BF4B-00C04F79EFBC}") = "SaasEngine.IntegrationTests", "tests\SaasEngine.IntegrationTests\SaasEngine.IntegrationTests.csproj", "{D8752147-EC30-4498-83C2-F6535A769F40}"
EndProject
Project("{FAE04EC0-301F-11D3-BF4B-00C04F79EFBC}") = "SaasEngine.ArchitectureTests", "tests\SaasEngine.ArchitectureTests\SaasEngine.ArchitectureTests.csproj", "{1AEBF302-1B3B-464D-9919-5ABCA8867488}"
EndProject
Global
	GlobalSection(SolutionConfigurationPlatforms) = preSolution
		Debug|Any CPU = Debug|Any CPU
		Debug|x64 = Debug|x64
		Debug|x86 = Debug|x86
		Release|Any CPU = Release|Any CPU
		Release|x64 = Release|x64
		Release|x86 = Release|x86
	EndGlobalSection
	GlobalSection(ProjectConfigurationPlatforms) = postSolution
		{E731AE75-4041-46FE-B4F8-B3BF461B38FD}.Debug|Any CPU.ActiveCfg = Debug|Any CPU
		{E731AE75-4041-46FE-B4F8-B3BF461B38FD}.Debug|Any CPU.Build.0 = Debug|Any CPU
		{E731AE75-4041-46FE-B4F8-B3BF461B38FD}.Debug|x64.ActiveCfg = Debug|Any CPU
		{E731AE75-4041-46FE-B4F8-B3BF461B38FD}.Debug|x64.Build.0 = Debug|Any CPU
		{E731AE75-4041-46FE-B4F8-B3BF461B38FD}.Debug|x86.ActiveCfg = Debug|Any CPU
		{E731AE75-4041-46FE-B4F8-B3BF461B38FD}.Debug|x86.Build.0 = Debug|Any CPU
		{E731AE75-4041-46FE-B4F8-B3BF461B38FD}.Release|Any CPU.ActiveCfg = Release|Any CPU
		{E731AE75-4041-46FE-B4F8-B3BF461B38FD}.Release|Any CPU.Build.0 = Release|Any CPU
		{E731AE75-4041-46FE-B4F8-B3BF461B38FD}.Release|x64.ActiveCfg = Release|Any CPU
		{E731AE75-4041-46FE-B4F8-B3BF461B38FD}.Release|x64.Build.0 = Release|Any CPU
		{E731AE75-4041-46FE-B4F8-B3BF461B38FD}.Release|x86.ActiveCfg = Release|Any CPU
		{E731AE75-4041-46FE-B4F8-B3BF461B38FD}.Release|x86.Build.0 = Release|Any CPU
		{292BE715-A38A-4E07-BAF1-86C00E52F19E}.Debug|Any CPU.ActiveCfg = Debug|Any CPU
		{292BE715-A38A-4E07-BAF1-86C00E52F19E}.Debug|Any CPU.Build.0 = Debug|Any CPU
		{292BE715-A38A-4E07-BAF1-86C00E52F19E}.Debug|x64.ActiveCfg = Debug|Any CPU
		{292BE715-A38A-4E07-BAF1-86C00E52F19E}.Debug|x64.Build.0 = Debug|Any CPU
		{292BE715-A38A-4E07-BAF1-86C00E52F19E}.Debug|x86.ActiveCfg = Debug|Any CPU
		{292BE715-A38A-4E07-BAF1-86C00E52F19E}.Debug|x86.Build.0 = Debug|Any CPU
		{292BE715-A38A-4E07-BAF1-86C00E52F19E}.Release|Any CPU.ActiveCfg = Release|Any CPU
		{292BE715-A38A-4E07-BAF1-86C00E52F19E}.Release|Any CPU.Build.0 = Release|Any CPU
		{292BE715-A38A-4E07-BAF1-86C00E52F19E}.Release|x64.ActiveCfg = Release|Any CPU
		{292BE715-A38A-4E07-BAF1-86C00E52F19E}.Release|x64.Build.0 = Release|Any CPU
		{292BE715-A38A-4E07-BAF1-86C00E52F19E}.Release|x86.ActiveCfg = Release|Any CPU
		{292BE715-A38A-4E07-BAF1-86C00E52F19E}.Release|x86.Build.0 = Release|Any CPU
		{0E3C4F4F-4E06-492B-955A-74E69D8EF6D8}.Debug|Any CPU.ActiveCfg = Debug|Any CPU
		{0E3C4F4F-4E06-492B-955A-74E69D8EF6D8}.Debug|Any CPU.Build.0 = Debug|Any CPU
		{0E3C4F4F-4E06-492B-955A-74E69D8EF6D8}.Debug|x64.ActiveCfg = Debug|Any CPU
		{0E3C4F4F-4E06-492B-955A-74E69D8EF6D8}.Debug|x64.Build.0 = Debug|Any CPU
		{0E3C4F4F-4E06-492B-955A-74E69D8EF6D8}.Debug|x86.ActiveCfg = Debug|Any CPU
		{0E3C4F4F-4E06-492B-955A-74E69D8EF6D8}.Debug|x86.Build.0 = Debug|Any CPU
		{0E3C4F4F-4E06-492B-955A-74E69D8EF6D8}.Release|Any CPU.ActiveCfg = Release|Any CPU
		{0E3C4F4F-4E06-492B-955A-74E69D8EF6D8}.Release|Any CPU.Build.0 = Release|Any CPU
		{0E3C4F4F-4E06-492B-955A-74E69D8EF6D8}.Release|x64.ActiveCfg = Release|Any CPU
		{0E3C4F4F-4E06-492B-955A-74E69D8EF6D8}.Release|x64.Build.0 = Release|Any CPU
		{0E3C4F4F-4E06-492B-955A-74E69D8EF6D8}.Release|x86.ActiveCfg = Release|Any CPU
		{0E3C4F4F-4E06-492B-955A-74E69D8EF6D8}.Release|x86.Build.0 = Release|Any CPU
		{8AEDE58B-F365-413E-994C-9C77FFD9ACAE}.Debug|Any CPU.ActiveCfg = Debug|Any CPU
		{8AEDE58B-F365-413E-994C-9C77FFD9ACAE}.Debug|Any CPU.Build.0 = Debug|Any CPU
		{8AEDE58B-F365-413E-994C-9C77FFD9ACAE}.Debug|x64.ActiveCfg = Debug|Any CPU
		{8AEDE58B-F365-413E-994C-9C77FFD9ACAE}.Debug|x64.Build.0 = Debug|Any CPU
		{8AEDE58B-F365-413E-994C-9C77FFD9ACAE}.Debug|x86.ActiveCfg = Debug|Any CPU
		{8AEDE58B-F365-413E-994C-9C77FFD9ACAE}.Debug|x86.Build.0 = Debug|Any CPU
		{8AEDE58B-F365-413E-994C-9C77FFD9ACAE}.Release|Any CPU.ActiveCfg = Release|Any CPU
		{8AEDE58B-F365-413E-994C-9C77FFD9ACAE}.Release|Any CPU.Build.0 = Release|Any CPU
		{8AEDE58B-F365-413E-994C-9C77FFD9ACAE}.Release|x64.ActiveCfg = Release|Any CPU
		{8AEDE58B-F365-413E-994C-9C77FFD9ACAE}.Release|x64.Build.0 = Release|Any CPU
		{8AEDE58B-F365-413E-994C-9C77FFD9ACAE}.Release|x86.ActiveCfg = Release|Any CPU
		{8AEDE58B-F365-413E-994C-9C77FFD9ACAE}.Release|x86.Build.0 = Release|Any CPU
		{5B202545-5D88-4429-8787-FEC0FBA944BA}.Debug|Any CPU.ActiveCfg = Debug|Any CPU
		{5B202545-5D88-4429-8787-FEC0FBA944BA}.Debug|Any CPU.Build.0 = Debug|Any CPU
		{5B202545-5D88-4429-8787-FEC0FBA944BA}.Debug|x64.ActiveCfg = Debug|Any CPU
		{5B202545-5D88-4429-8787-FEC0FBA944BA}.Debug|x64.Build.0 = Debug|Any CPU
		{5B202545-5D88-4429-8787-FEC0FBA944BA}.Debug|x86.ActiveCfg = Debug|Any CPU
		{5B202545-5D88-4429-8787-FEC0FBA944BA}.Debug|x86.Build.0 = Debug|Any CPU
		{5B202545-5D88-4429-8787-FEC0FBA944BA}.Release|Any CPU.ActiveCfg = Release|Any CPU
		{5B202545-5D88-4429-8787-FEC0FBA944BA}.Release|Any CPU.Build.0 = Release|Any CPU
		{5B202545-5D88-4429-8787-FEC0FBA944BA}.Release|x64.ActiveCfg = Release|Any CPU
		{5B202545-5D88-4429-8787-FEC0FBA944BA}.Release|x64.Build.0 = Release|Any CPU
		{5B202545-5D88-4429-8787-FEC0FBA944BA}.Release|x86.ActiveCfg = Release|Any CPU
		{5B202545-5D88-4429-8787-FEC0FBA944BA}.Release|x86.Build.0 = Release|Any CPU
		{D8752147-EC30-4498-83C2-F6535A769F40}.Debug|Any CPU.ActiveCfg = Debug|Any CPU
		{D8752147-EC30-4498-83C2-F6535A769F40}.Debug|Any CPU.Build.0 = Debug|Any CPU
		{D8752147-EC30-4498-83C2-F6535A769F40}.Debug|x64.ActiveCfg = Debug|Any CPU
		{D8752147-EC30-4498-83C2-F6535A769F40}.Debug|x64.Build.0 = Debug|Any CPU
		{D8752147-EC30-4498-83C2-F6535A769F40}.Debug|x86.ActiveCfg = Debug|Any CPU
		{D8752147-EC30-4498-83C2-F6535A769F40}.Debug|x86.Build.0 = Debug|Any CPU
		{D8752147-EC30-4498-83C2-F6535A769F40}.Release|Any CPU.ActiveCfg = Release|Any CPU
		{D8752147-EC30-4498-83C2-F6535A769F40}.Release|Any CPU.Build.0 = Release|Any CPU
		{D8752147-EC30-4498-83C2-F6535A769F40}.Release|x64.ActiveCfg = Release|Any CPU
		{D8752147-EC30-4498-83C2-F6535A769F40}.Release|x64.Build.0 = Release|Any CPU
		{D8752147-EC30-4498-83C2-F6535A769F40}.Release|x86.ActiveCfg = Release|Any CPU
		{D8752147-EC30-4498-83C2-F6535A769F40}.Release|x86.Build.0 = Release|Any CPU
		{1AEBF302-1B3B-464D-9919-5ABCA8867488}.Debug|Any CPU.ActiveCfg = Debug|Any CPU
		{1AEBF302-1B3B-464D-9919-5ABCA8867488}.Debug|Any CPU.Build.0 = Debug|Any CPU
		{1AEBF302-1B3B-464D-9919-5ABCA8867488}.Debug|x64.ActiveCfg = Debug|Any CPU
		{1AEBF302-1B3B-464D-9919-5ABCA8867488}.Debug|x64.Build.0 = Debug|Any CPU
		{1AEBF302-1B3B-464D-9919-5ABCA8867488}.Debug|x86.ActiveCfg = Debug|Any CPU
		{1AEBF302-1B3B-464D-9919-5ABCA8867488}.Debug|x86.Build.0 = Debug|Any CPU
		{1AEBF302-1B3B-464D-9919-5ABCA8867488}.Release|Any CPU.ActiveCfg = Release|Any CPU
		{1AEBF302-1B3B-464D-9919-5ABCA8867488}.Release|Any CPU.Build.0 = Release|Any CPU
		{1AEBF302-1B3B-464D-9919-5ABCA8867488}.Release|x64.ActiveCfg = Release|Any CPU
		{1AEBF302-1B3B-464D-9919-5ABCA8867488}.Release|x64.Build.0 = Release|Any CPU
		{1AEBF302-1B3B-464D-9919-5ABCA8867488}.Release|x86.ActiveCfg = Release|Any CPU
		{1AEBF302-1B3B-464D-9919-5ABCA8867488}.Release|x86.Build.0 = Release|Any CPU
	EndGlobalSection
	GlobalSection(SolutionProperties) = preSolution
		HideSolutionNode = FALSE
	EndGlobalSection
	GlobalSection(NestedProjects) = preSolution
		{E731AE75-4041-46FE-B4F8-B3BF461B38FD} = {827E0CD3-B72D-47B6-A68D-7590B98EB39B}
		{292BE715-A38A-4E07-BAF1-86C00E52F19E} = {827E0CD3-B72D-47B6-A68D-7590B98EB39B}
		{0E3C4F4F-4E06-492B-955A-74E69D8EF6D8} = {827E0CD3-B72D-47B6-A68D-7590B98EB39B}
		{8AEDE58B-F365-413E-994C-9C77FFD9ACAE} = {827E0CD3-B72D-47B6-A68D-7590B98EB39B}
		{5B202545-5D88-4429-8787-FEC0FBA944BA} = {827E0CD3-B72D-47B6-A68D-7590B98EB39B}
		{D8752147-EC30-4498-83C2-F6535A769F40} = {827E0CD3-B72D-47B6-A68D-7590B98EB39B}
		{1AEBF302-1B3B-464D-9919-5ABCA8867488} = {827E0CD3-B72D-47B6-A68D-7590B98EB39B}
	EndGlobalSection
EndGlobal
